PODS:
  - EARestrictedScrollView (2.1.0)
  - iOSSnapshotTestCase (5.0.2):
    - iOSSnapshotTestCase/SwiftSupport (= 5.0.2)
  - iOSSnapshotTestCase/Core (5.0.2)
  - iOSSnapshotTestCase/SwiftSupport (5.0.2):
    - iOSSnapshotTestCase/Core

DEPENDENCIES:
  - EARestrictedScrollView (from `../`)
  - iOSSnapshotTestCase

SPEC REPOS:
  https://github.com/CocoaPods/Specs.git:
    - iOSSnapshotTestCase

EXTERNAL SOURCES:
  EARestrictedScrollView:
    :path: "../"

SPEC CHECKSUMS:
  EARestrictedScrollView: 0377202abcf59f0c7361ff26ac66baf7d0723317
  iOSSnapshotTestCase: 2d51aa06775e95cecb0a1fb9c5c159ccd1dd4596

PODFILE CHECKSUM: 58383cea10cca756a6fd47a57a75452437e14f99

COCOAPODS: 1.10.0
