PODS:
  - EARestrictedScrollView (2.0.1)
  - FBSnapshotTestCase (2.1.2):
    - FBSnapshotTestCase/SwiftSupport (= 2.1.2)
  - FBSnapshotTestCase/Core (2.1.2)
  - FBSnapshotTestCase/SwiftSupport (2.1.2):
    - FBSnapshotTestCase/Core
  - Nimble (4.0.0)
  - Nimble-Snapshots (4.0.1):
    - FBSnapshotTestCase (~> 2.0)
    - Nimble
    - Quick
  - Quick (0.9.2)

DEPENDENCIES:
  - EARestrictedScrollView (from `../`)
  - FBSnapshotTestCase
  - Nimble
  - Nimble-Snapshots
  - Quick

EXTERNAL SOURCES:
  EARestrictedScrollView:
    :path: "../"

SPEC CHECKSUMS:
  EARestrictedScrollView: a1673404cfbca00b0ec3623c07285c312df5e41e
  FBSnapshotTestCase: 918c55861356ee83aee7843d759f55a18ff6982b
  Nimble: 72bcc3e2f02242e6bfaaf8d9412ca7bfe3d8b417
  Nimble-Snapshots: 2d15a585b816f7d14947ed6e172218f9d0980ea8
  Quick: 18d057bc66451eedd5d1c8dc99ba2a5db6e60226

PODFILE CHECKSUM: 3dd11679517e5b386a90608397610ebdb7a69531

COCOAPODS: 1.0.1
