// !$*UTF8*$!
{
	archiveVersion = 1;
	classes = {
	};
	objectVersion = 46;
	objects = {

/* Begin PBXBuildFile section */
		42DFC379A950FC16CE16522D /* Pods_Tests.framework in Frameworks */ = {isa = PBXBuildFile; fileRef = 6064EE543E76500FB4086979 /* Pods_Tests.framework */; };
		45A1557062E357A579E3DB9D /* Pods_EARestrictedScrollView_Example.framework in Frameworks */ = {isa = PBXBuildFile; fileRef = 57DB1A724CE904B6533DCEDB /* Pods_EARestrictedScrollView_Example.framework */; };
		552310D01CC26E7600CDF67A /* LaunchScreen.storyboard in Resources */ = {isa = PBXBuildFile; fileRef = 552310CE1CC26E7600CDF67A /* LaunchScreen.storyboard */; };
		555932521CC24E6D00E59D5B /* Assets.xcassets in Resources */ = {isa = PBXBuildFile; fileRef = 5559324A1CC24E6D00E59D5B /* Assets.xcassets */; };
		555932551CC24E6D00E59D5B /* AppDelegate.swift in Sources */ = {isa = PBXBuildFile; fileRef = 555932501CC24E6D00E59D5B /* AppDelegate.swift */; };
		555932561CC24E6D00E59D5B /* ViewController.swift in Sources */ = {isa = PBXBuildFile; fileRef = 555932511CC24E6D00E59D5B /* ViewController.swift */; };
		AE0F191D2584D53B003AE865 /* EARestrictedScrollViewTests.swift in Sources */ = {isa = PBXBuildFile; fileRef = AE0F191C2584D53B003AE865 /* EARestrictedScrollViewTests.swift */; };
/* End PBXBuildFile section */

/* Begin PBXContainerItemProxy section */
		555932201CC24D1300E59D5B /* PBXContainerItemProxy */ = {
			isa = PBXContainerItemProxy;
			containerPortal = 555932031CC24D1200E59D5B /* Project object */;
			proxyType = 1;
			remoteGlobalIDString = 5559320A1CC24D1200E59D5B;
			remoteInfo = EARestrictedScrollView;
		};
/* End PBXContainerItemProxy section */

/* Begin PBXFileReference section */
		25B76A6E0873F8DCAAAAC629 /* Pods-EARestrictedScrollView-Example.release.xcconfig */ = {isa = PBXFileReference; includeInIndex = 1; lastKnownFileType = text.xcconfig; name = "Pods-EARestrictedScrollView-Example.release.xcconfig"; path = "Target Support Files/Pods-EARestrictedScrollView-Example/Pods-EARestrictedScrollView-Example.release.xcconfig"; sourceTree = "<group>"; };
		552310CF1CC26E7600CDF67A /* Base */ = {isa = PBXFileReference; lastKnownFileType = file.storyboard; name = Base; path = Base.lproj/LaunchScreen.storyboard; sourceTree = "<group>"; };
		5559320B1CC24D1200E59D5B /* EARestrictedScrollView-Example.app */ = {isa = PBXFileReference; explicitFileType = wrapper.application; includeInIndex = 0; path = "EARestrictedScrollView-Example.app"; sourceTree = BUILT_PRODUCTS_DIR; };
		5559321F1CC24D1300E59D5B /* Tests.xctest */ = {isa = PBXFileReference; explicitFileType = wrapper.cfbundle; includeInIndex = 0; path = Tests.xctest; sourceTree = BUILT_PRODUCTS_DIR; };
		555932381CC24E0300E59D5B /* Info.plist */ = {isa = PBXFileReference; fileEncoding = 4; lastKnownFileType = text.plist.xml; path = Info.plist; sourceTree = "<group>"; };
		555932461CC24E2500E59D5B /* Info.plist */ = {isa = PBXFileReference; fileEncoding = 4; lastKnownFileType = text.plist.xml; path = Info.plist; sourceTree = "<group>"; };
		5559324A1CC24E6D00E59D5B /* Assets.xcassets */ = {isa = PBXFileReference; lastKnownFileType = folder.assetcatalog; path = Assets.xcassets; sourceTree = "<group>"; };
		555932501CC24E6D00E59D5B /* AppDelegate.swift */ = {isa = PBXFileReference; fileEncoding = 4; lastKnownFileType = sourcecode.swift; path = AppDelegate.swift; sourceTree = "<group>"; };
		555932511CC24E6D00E59D5B /* ViewController.swift */ = {isa = PBXFileReference; fileEncoding = 4; lastKnownFileType = sourcecode.swift; path = ViewController.swift; sourceTree = "<group>"; };
		555932581CC24EF500E59D5B /* CHANGELOG.md */ = {isa = PBXFileReference; lastKnownFileType = net.daringfireball.markdown; name = CHANGELOG.md; path = ../CHANGELOG.md; sourceTree = "<group>"; };
		555932591CC24EF500E59D5B /* EARestrictedScrollView.podspec */ = {isa = PBXFileReference; lastKnownFileType = text; name = EARestrictedScrollView.podspec; path = ../EARestrictedScrollView.podspec; sourceTree = "<group>"; xcLanguageSpecificationIdentifier = xcode.lang.ruby; };
		5559325B1CC24EF500E59D5B /* README.md */ = {isa = PBXFileReference; lastKnownFileType = net.daringfireball.markdown; name = README.md; path = ../README.md; sourceTree = "<group>"; };
		57DB1A724CE904B6533DCEDB /* Pods_EARestrictedScrollView_Example.framework */ = {isa = PBXFileReference; explicitFileType = wrapper.framework; includeInIndex = 0; path = Pods_EARestrictedScrollView_Example.framework; sourceTree = BUILT_PRODUCTS_DIR; };
		6064EE543E76500FB4086979 /* Pods_Tests.framework */ = {isa = PBXFileReference; explicitFileType = wrapper.framework; includeInIndex = 0; path = Pods_Tests.framework; sourceTree = BUILT_PRODUCTS_DIR; };
		A20310D54D57CDA78EA33197 /* Pods-Tests.release.xcconfig */ = {isa = PBXFileReference; includeInIndex = 1; lastKnownFileType = text.xcconfig; name = "Pods-Tests.release.xcconfig"; path = "Target Support Files/Pods-Tests/Pods-Tests.release.xcconfig"; sourceTree = "<group>"; };
		AE0F19192584CD96003AE865 /* LICENSE.md */ = {isa = PBXFileReference; lastKnownFileType = net.daringfireball.markdown; name = LICENSE.md; path = ../LICENSE.md; sourceTree = "<group>"; };
		AE0F191C2584D53B003AE865 /* EARestrictedScrollViewTests.swift */ = {isa = PBXFileReference; lastKnownFileType = sourcecode.swift; path = EARestrictedScrollViewTests.swift; sourceTree = "<group>"; };
		D7E34389C9B0159C3DBD42B3 /* Pods-EARestrictedScrollView-Example.debug.xcconfig */ = {isa = PBXFileReference; includeInIndex = 1; lastKnownFileType = text.xcconfig; name = "Pods-EARestrictedScrollView-Example.debug.xcconfig"; path = "Target Support Files/Pods-EARestrictedScrollView-Example/Pods-EARestrictedScrollView-Example.debug.xcconfig"; sourceTree = "<group>"; };
		FF1CE292523EC9BFF4F23481 /* Pods-Tests.debug.xcconfig */ = {isa = PBXFileReference; includeInIndex = 1; lastKnownFileType = text.xcconfig; name = "Pods-Tests.debug.xcconfig"; path = "Target Support Files/Pods-Tests/Pods-Tests.debug.xcconfig"; sourceTree = "<group>"; };
/* End PBXFileReference section */

/* Begin PBXFrameworksBuildPhase section */
		555932081CC24D1200E59D5B /* Frameworks */ = {
			isa = PBXFrameworksBuildPhase;
			buildActionMask = 2147483647;
			files = (
				45A1557062E357A579E3DB9D /* Pods_EARestrictedScrollView_Example.framework in Frameworks */,
			);
			runOnlyForDeploymentPostprocessing = 0;
		};
		5559321C1CC24D1300E59D5B /* Frameworks */ = {
			isa = PBXFrameworksBuildPhase;
			buildActionMask = 2147483647;
			files = (
				42DFC379A950FC16CE16522D /* Pods_Tests.framework in Frameworks */,
			);
			runOnlyForDeploymentPostprocessing = 0;
		};
/* End PBXFrameworksBuildPhase section */

/* Begin PBXGroup section */
		0AB3CE4FD5C1472E175CF375 /* Frameworks */ = {
			isa = PBXGroup;
			children = (
				57DB1A724CE904B6533DCEDB /* Pods_EARestrictedScrollView_Example.framework */,
				6064EE543E76500FB4086979 /* Pods_Tests.framework */,
			);
			name = Frameworks;
			sourceTree = "<group>";
		};
		555932021CC24D1200E59D5B = {
			isa = PBXGroup;
			children = (
				555932571CC24EDA00E59D5B /* Metadata */,
				5559325C1CC2517F00E59D5B /* Example */,
				555932441CC24E2500E59D5B /* Tests */,
				5559320C1CC24D1200E59D5B /* Products */,
				81A259B7D884E5C715A50F6E /* Pods */,
				0AB3CE4FD5C1472E175CF375 /* Frameworks */,
			);
			sourceTree = "<group>";
		};
		5559320C1CC24D1200E59D5B /* Products */ = {
			isa = PBXGroup;
			children = (
				5559320B1CC24D1200E59D5B /* EARestrictedScrollView-Example.app */,
				5559321F1CC24D1300E59D5B /* Tests.xctest */,
			);
			name = Products;
			sourceTree = "<group>";
		};
		555932371CC24E0300E59D5B /* Supporting-files */ = {
			isa = PBXGroup;
			children = (
				555932381CC24E0300E59D5B /* Info.plist */,
			);
			path = "Supporting-files";
			sourceTree = "<group>";
		};
		555932441CC24E2500E59D5B /* Tests */ = {
			isa = PBXGroup;
			children = (
				555932461CC24E2500E59D5B /* Info.plist */,
				AE0F191C2584D53B003AE865 /* EARestrictedScrollViewTests.swift */,
			);
			path = Tests;
			sourceTree = "<group>";
		};
		555932491CC24E6D00E59D5B /* Resources */ = {
			isa = PBXGroup;
			children = (
				5559324A1CC24E6D00E59D5B /* Assets.xcassets */,
				552310CE1CC26E7600CDF67A /* LaunchScreen.storyboard */,
			);
			path = Resources;
			sourceTree = "<group>";
		};
		5559324F1CC24E6D00E59D5B /* Source */ = {
			isa = PBXGroup;
			children = (
				555932501CC24E6D00E59D5B /* AppDelegate.swift */,
				555932511CC24E6D00E59D5B /* ViewController.swift */,
			);
			path = Source;
			sourceTree = "<group>";
		};
		555932571CC24EDA00E59D5B /* Metadata */ = {
			isa = PBXGroup;
			children = (
				555932591CC24EF500E59D5B /* EARestrictedScrollView.podspec */,
				555932581CC24EF500E59D5B /* CHANGELOG.md */,
				5559325B1CC24EF500E59D5B /* README.md */,
				AE0F19192584CD96003AE865 /* LICENSE.md */,
			);
			name = Metadata;
			sourceTree = "<group>";
		};
		5559325C1CC2517F00E59D5B /* Example */ = {
			isa = PBXGroup;
			children = (
				5559324F1CC24E6D00E59D5B /* Source */,
				555932491CC24E6D00E59D5B /* Resources */,
				555932371CC24E0300E59D5B /* Supporting-files */,
			);
			name = Example;
			sourceTree = "<group>";
		};
		81A259B7D884E5C715A50F6E /* Pods */ = {
			isa = PBXGroup;
			children = (
				D7E34389C9B0159C3DBD42B3 /* Pods-EARestrictedScrollView-Example.debug.xcconfig */,
				25B76A6E0873F8DCAAAAC629 /* Pods-EARestrictedScrollView-Example.release.xcconfig */,
				FF1CE292523EC9BFF4F23481 /* Pods-Tests.debug.xcconfig */,
				A20310D54D57CDA78EA33197 /* Pods-Tests.release.xcconfig */,
			);
			path = Pods;
			sourceTree = "<group>";
		};
/* End PBXGroup section */

/* Begin PBXNativeTarget section */
		5559320A1CC24D1200E59D5B /* EARestrictedScrollView-Example */ = {
			isa = PBXNativeTarget;
			buildConfigurationList = 555932281CC24D1300E59D5B /* Build configuration list for PBXNativeTarget "EARestrictedScrollView-Example" */;
			buildPhases = (
				F876C989104BCBE46B224E5B /* [CP] Check Pods Manifest.lock */,
				555932071CC24D1200E59D5B /* Sources */,
				555932081CC24D1200E59D5B /* Frameworks */,
				555932091CC24D1200E59D5B /* Resources */,
				37CA2B42EADBDC5C089F8D83 /* [CP] Embed Pods Frameworks */,
			);
			buildRules = (
			);
			dependencies = (
			);
			name = "EARestrictedScrollView-Example";
			productName = EARestrictedScrollView;
			productReference = 5559320B1CC24D1200E59D5B /* EARestrictedScrollView-Example.app */;
			productType = "com.apple.product-type.application";
		};
		5559321E1CC24D1300E59D5B /* Tests */ = {
			isa = PBXNativeTarget;
			buildConfigurationList = 5559322B1CC24D1300E59D5B /* Build configuration list for PBXNativeTarget "Tests" */;
			buildPhases = (
				07A1FEA702B4351B8E2BD76E /* [CP] Check Pods Manifest.lock */,
				5559321B1CC24D1300E59D5B /* Sources */,
				5559321C1CC24D1300E59D5B /* Frameworks */,
				5559321D1CC24D1300E59D5B /* Resources */,
				FCAC26726F223F6CC4886808 /* [CP] Embed Pods Frameworks */,
			);
			buildRules = (
			);
			dependencies = (
				555932211CC24D1300E59D5B /* PBXTargetDependency */,
			);
			name = Tests;
			productName = EARestrictedScrollViewTests;
			productReference = 5559321F1CC24D1300E59D5B /* Tests.xctest */;
			productType = "com.apple.product-type.bundle.unit-test";
		};
/* End PBXNativeTarget section */

/* Begin PBXProject section */
		555932031CC24D1200E59D5B /* Project object */ = {
			isa = PBXProject;
			attributes = {
				LastSwiftUpdateCheck = 0730;
				LastUpgradeCheck = 1220;
				ORGANIZATIONNAME = "Evgeny Aleksandrov";
				TargetAttributes = {
					5559320A1CC24D1200E59D5B = {
						CreatedOnToolsVersion = 7.3;
						LastSwiftMigration = 0830;
					};
					5559321E1CC24D1300E59D5B = {
						CreatedOnToolsVersion = 7.3;
						LastSwiftMigration = 0830;
						TestTargetID = 5559320A1CC24D1200E59D5B;
					};
				};
			};
			buildConfigurationList = 555932061CC24D1200E59D5B /* Build configuration list for PBXProject "EARestrictedScrollView-Example" */;
			compatibilityVersion = "Xcode 3.2";
			developmentRegion = en;
			hasScannedForEncodings = 0;
			knownRegions = (
				en,
				Base,
			);
			mainGroup = 555932021CC24D1200E59D5B;
			productRefGroup = 5559320C1CC24D1200E59D5B /* Products */;
			projectDirPath = "";
			projectRoot = "";
			targets = (
				5559320A1CC24D1200E59D5B /* EARestrictedScrollView-Example */,
				5559321E1CC24D1300E59D5B /* Tests */,
			);
		};
/* End PBXProject section */

/* Begin PBXResourcesBuildPhase section */
		555932091CC24D1200E59D5B /* Resources */ = {
			isa = PBXResourcesBuildPhase;
			buildActionMask = 2147483647;
			files = (
				555932521CC24E6D00E59D5B /* Assets.xcassets in Resources */,
				552310D01CC26E7600CDF67A /* LaunchScreen.storyboard in Resources */,
			);
			runOnlyForDeploymentPostprocessing = 0;
		};
		5559321D1CC24D1300E59D5B /* Resources */ = {
			isa = PBXResourcesBuildPhase;
			buildActionMask = 2147483647;
			files = (
			);
			runOnlyForDeploymentPostprocessing = 0;
		};
/* End PBXResourcesBuildPhase section */

/* Begin PBXShellScriptBuildPhase section */
		07A1FEA702B4351B8E2BD76E /* [CP] Check Pods Manifest.lock */ = {
			isa = PBXShellScriptBuildPhase;
			buildActionMask = 2147483647;
			files = (
			);
			inputFileListPaths = (
			);
			inputPaths = (
				"${PODS_PODFILE_DIR_PATH}/Podfile.lock",
				"${PODS_ROOT}/Manifest.lock",
			);
			name = "[CP] Check Pods Manifest.lock";
			outputFileListPaths = (
			);
			outputPaths = (
				"$(DERIVED_FILE_DIR)/Pods-Tests-checkManifestLockResult.txt",
			);
			runOnlyForDeploymentPostprocessing = 0;
			shellPath = /bin/sh;
			shellScript = "diff \"${PODS_PODFILE_DIR_PATH}/Podfile.lock\" \"${PODS_ROOT}/Manifest.lock\" > /dev/null\nif [ $? != 0 ] ; then\n    # print error to STDERR\n    echo \"error: The sandbox is not in sync with the Podfile.lock. Run 'pod install' or update your CocoaPods installation.\" >&2\n    exit 1\nfi\n# This output is used by Xcode 'outputs' to avoid re-running this script phase.\necho \"SUCCESS\" > \"${SCRIPT_OUTPUT_FILE_0}\"\n";
			showEnvVarsInLog = 0;
		};
		37CA2B42EADBDC5C089F8D83 /* [CP] Embed Pods Frameworks */ = {
			isa = PBXShellScriptBuildPhase;
			buildActionMask = 2147483647;
			files = (
			);
			inputPaths = (
				"${PODS_ROOT}/Target Support Files/Pods-EARestrictedScrollView-Example/Pods-EARestrictedScrollView-Example-frameworks.sh",
				"${BUILT_PRODUCTS_DIR}/EARestrictedScrollView/EARestrictedScrollView.framework",
			);
			name = "[CP] Embed Pods Frameworks";
			outputPaths = (
				"${TARGET_BUILD_DIR}/${FRAMEWORKS_FOLDER_PATH}/EARestrictedScrollView.framework",
			);
			runOnlyForDeploymentPostprocessing = 0;
			shellPath = /bin/sh;
			shellScript = "\"${PODS_ROOT}/Target Support Files/Pods-EARestrictedScrollView-Example/Pods-EARestrictedScrollView-Example-frameworks.sh\"\n";
			showEnvVarsInLog = 0;
		};
		F876C989104BCBE46B224E5B /* [CP] Check Pods Manifest.lock */ = {
			isa = PBXShellScriptBuildPhase;
			buildActionMask = 2147483647;
			files = (
			);
			inputFileListPaths = (
			);
			inputPaths = (
				"${PODS_PODFILE_DIR_PATH}/Podfile.lock",
				"${PODS_ROOT}/Manifest.lock",
			);
			name = "[CP] Check Pods Manifest.lock";
			outputFileListPaths = (
			);
			outputPaths = (
				"$(DERIVED_FILE_DIR)/Pods-EARestrictedScrollView-Example-checkManifestLockResult.txt",
			);
			runOnlyForDeploymentPostprocessing = 0;
			shellPath = /bin/sh;
			shellScript = "diff \"${PODS_PODFILE_DIR_PATH}/Podfile.lock\" \"${PODS_ROOT}/Manifest.lock\" > /dev/null\nif [ $? != 0 ] ; then\n    # print error to STDERR\n    echo \"error: The sandbox is not in sync with the Podfile.lock. Run 'pod install' or update your CocoaPods installation.\" >&2\n    exit 1\nfi\n# This output is used by Xcode 'outputs' to avoid re-running this script phase.\necho \"SUCCESS\" > \"${SCRIPT_OUTPUT_FILE_0}\"\n";
			showEnvVarsInLog = 0;
		};
		FCAC26726F223F6CC4886808 /* [CP] Embed Pods Frameworks */ = {
			isa = PBXShellScriptBuildPhase;
			buildActionMask = 2147483647;
			files = (
			);
			inputPaths = (
				"${PODS_ROOT}/Target Support Files/Pods-Tests/Pods-Tests-frameworks.sh",
				"${BUILT_PRODUCTS_DIR}/EARestrictedScrollView/EARestrictedScrollView.framework",
				"${BUILT_PRODUCTS_DIR}/iOSSnapshotTestCase/FBSnapshotTestCase.framework",
			);
			name = "[CP] Embed Pods Frameworks";
			outputPaths = (
				"${TARGET_BUILD_DIR}/${FRAMEWORKS_FOLDER_PATH}/EARestrictedScrollView.framework",
				"${TARGET_BUILD_DIR}/${FRAMEWORKS_FOLDER_PATH}/FBSnapshotTestCase.framework",
			);
			runOnlyForDeploymentPostprocessing = 0;
			shellPath = /bin/sh;
			shellScript = "\"${PODS_ROOT}/Target Support Files/Pods-Tests/Pods-Tests-frameworks.sh\"\n";
			showEnvVarsInLog = 0;
		};
/* End PBXShellScriptBuildPhase section */

/* Begin PBXSourcesBuildPhase section */
		555932071CC24D1200E59D5B /* Sources */ = {
			isa = PBXSourcesBuildPhase;
			buildActionMask = 2147483647;
			files = (
				555932561CC24E6D00E59D5B /* ViewController.swift in Sources */,
				555932551CC24E6D00E59D5B /* AppDelegate.swift in Sources */,
			);
			runOnlyForDeploymentPostprocessing = 0;
		};
		5559321B1CC24D1300E59D5B /* Sources */ = {
			isa = PBXSourcesBuildPhase;
			buildActionMask = 2147483647;
			files = (
				AE0F191D2584D53B003AE865 /* EARestrictedScrollViewTests.swift in Sources */,
			);
			runOnlyForDeploymentPostprocessing = 0;
		};
/* End PBXSourcesBuildPhase section */

/* Begin PBXTargetDependency section */
		555932211CC24D1300E59D5B /* PBXTargetDependency */ = {
			isa = PBXTargetDependency;
			target = 5559320A1CC24D1200E59D5B /* EARestrictedScrollView-Example */;
			targetProxy = 555932201CC24D1300E59D5B /* PBXContainerItemProxy */;
		};
/* End PBXTargetDependency section */

/* Begin PBXVariantGroup section */
		552310CE1CC26E7600CDF67A /* LaunchScreen.storyboard */ = {
			isa = PBXVariantGroup;
			children = (
				552310CF1CC26E7600CDF67A /* Base */,
			);
			name = LaunchScreen.storyboard;
			sourceTree = "<group>";
		};
/* End PBXVariantGroup section */

/* Begin XCBuildConfiguration section */
		555932261CC24D1300E59D5B /* Debug */ = {
			isa = XCBuildConfiguration;
			buildSettings = {
				ALWAYS_SEARCH_USER_PATHS = NO;
				CLANG_ANALYZER_NONNULL = YES;
				CLANG_CXX_LANGUAGE_STANDARD = "gnu++0x";
				CLANG_CXX_LIBRARY = "libc++";
				CLANG_ENABLE_MODULES = YES;
				CLANG_ENABLE_OBJC_ARC = YES;
				CLANG_WARN_BLOCK_CAPTURE_AUTORELEASING = YES;
				CLANG_WARN_BOOL_CONVERSION = YES;
				CLANG_WARN_COMMA = YES;
				CLANG_WARN_CONSTANT_CONVERSION = YES;
				CLANG_WARN_DEPRECATED_OBJC_IMPLEMENTATIONS = YES;
				CLANG_WARN_DIRECT_OBJC_ISA_USAGE = YES_ERROR;
				CLANG_WARN_EMPTY_BODY = YES;
				CLANG_WARN_ENUM_CONVERSION = YES;
				CLANG_WARN_INFINITE_RECURSION = YES;
				CLANG_WARN_INT_CONVERSION = YES;
				CLANG_WARN_NON_LITERAL_NULL_CONVERSION = YES;
				CLANG_WARN_OBJC_IMPLICIT_RETAIN_SELF = YES;
				CLANG_WARN_OBJC_LITERAL_CONVERSION = YES;
				CLANG_WARN_OBJC_ROOT_CLASS = YES_ERROR;
				CLANG_WARN_QUOTED_INCLUDE_IN_FRAMEWORK_HEADER = YES;
				CLANG_WARN_RANGE_LOOP_ANALYSIS = YES;
				CLANG_WARN_STRICT_PROTOTYPES = YES;
				CLANG_WARN_SUSPICIOUS_MOVE = YES;
				CLANG_WARN_UNREACHABLE_CODE = YES;
				CLANG_WARN__DUPLICATE_METHOD_MATCH = YES;
				"CODE_SIGN_IDENTITY[sdk=iphoneos*]" = "iPhone Developer";
				COPY_PHASE_STRIP = NO;
				DEBUG_INFORMATION_FORMAT = dwarf;
				ENABLE_STRICT_OBJC_MSGSEND = YES;
				ENABLE_TESTABILITY = YES;
				GCC_C_LANGUAGE_STANDARD = gnu99;
				GCC_DYNAMIC_NO_PIC = NO;
				GCC_NO_COMMON_BLOCKS = YES;
				GCC_OPTIMIZATION_LEVEL = 0;
				GCC_PREPROCESSOR_DEFINITIONS = (
					"DEBUG=1",
					"$(inherited)",
				);
				GCC_WARN_64_TO_32_BIT_CONVERSION = YES;
				GCC_WARN_ABOUT_RETURN_TYPE = YES_ERROR;
				GCC_WARN_UNDECLARED_SELECTOR = YES;
				GCC_WARN_UNINITIALIZED_AUTOS = YES_AGGRESSIVE;
				GCC_WARN_UNUSED_FUNCTION = YES;
				GCC_WARN_UNUSED_VARIABLE = YES;
				IPHONEOS_DEPLOYMENT_TARGET = 9.0;
				MTL_ENABLE_DEBUG_INFO = YES;
				ONLY_ACTIVE_ARCH = YES;
				SDKROOT = iphoneos;
				SWIFT_OPTIMIZATION_LEVEL = "-Onone";
				SWIFT_VERSION = 5.0;
			};
			name = Debug;
		};
		555932271CC24D1300E59D5B /* Release */ = {
			isa = XCBuildConfiguration;
			buildSettings = {
				ALWAYS_SEARCH_USER_PATHS = NO;
				CLANG_ANALYZER_NONNULL = YES;
				CLANG_CXX_LANGUAGE_STANDARD = "gnu++0x";
				CLANG_CXX_LIBRARY = "libc++";
				CLANG_ENABLE_MODULES = YES;
				CLANG_ENABLE_OBJC_ARC = YES;
				CLANG_WARN_BLOCK_CAPTURE_AUTORELEASING = YES;
				CLANG_WARN_BOOL_CONVERSION = YES;
				CLANG_WARN_COMMA = YES;
				CLANG_WARN_CONSTANT_CONVERSION = YES;
				CLANG_WARN_DEPRECATED_OBJC_IMPLEMENTATIONS = YES;
				CLANG_WARN_DIRECT_OBJC_ISA_USAGE = YES_ERROR;
				CLANG_WARN_EMPTY_BODY = YES;
				CLANG_WARN_ENUM_CONVERSION = YES;
				CLANG_WARN_INFINITE_RECURSION = YES;
				CLANG_WARN_INT_CONVERSION = YES;
				CLANG_WARN_NON_LITERAL_NULL_CONVERSION = YES;
				CLANG_WARN_OBJC_IMPLICIT_RETAIN_SELF = YES;
				CLANG_WARN_OBJC_LITERAL_CONVERSION = YES;
				CLANG_WARN_OBJC_ROOT_CLASS = YES_ERROR;
				CLANG_WARN_QUOTED_INCLUDE_IN_FRAMEWORK_HEADER = YES;
				CLANG_WARN_RANGE_LOOP_ANALYSIS = YES;
				CLANG_WARN_STRICT_PROTOTYPES = YES;
				CLANG_WARN_SUSPICIOUS_MOVE = YES;
				CLANG_WARN_UNREACHABLE_CODE = YES;
				CLANG_WARN__DUPLICATE_METHOD_MATCH = YES;
				"CODE_SIGN_IDENTITY[sdk=iphoneos*]" = "iPhone Developer";
				COPY_PHASE_STRIP = NO;
				DEBUG_INFORMATION_FORMAT = "dwarf-with-dsym";
				ENABLE_NS_ASSERTIONS = NO;
				ENABLE_STRICT_OBJC_MSGSEND = YES;
				GCC_C_LANGUAGE_STANDARD = gnu99;
				GCC_NO_COMMON_BLOCKS = YES;
				GCC_WARN_64_TO_32_BIT_CONVERSION = YES;
				GCC_WARN_ABOUT_RETURN_TYPE = YES_ERROR;
				GCC_WARN_UNDECLARED_SELECTOR = YES;
				GCC_WARN_UNINITIALIZED_AUTOS = YES_AGGRESSIVE;
				GCC_WARN_UNUSED_FUNCTION = YES;
				GCC_WARN_UNUSED_VARIABLE = YES;
				IPHONEOS_DEPLOYMENT_TARGET = 9.0;
				MTL_ENABLE_DEBUG_INFO = NO;
				SDKROOT = iphoneos;
				SWIFT_OPTIMIZATION_LEVEL = "-Owholemodule";
				SWIFT_VERSION = 5.0;
				VALIDATE_PRODUCT = YES;
			};
			name = Release;
		};
		555932291CC24D1300E59D5B /* Debug */ = {
			isa = XCBuildConfiguration;
			baseConfigurationReference = D7E34389C9B0159C3DBD42B3 /* Pods-EARestrictedScrollView-Example.debug.xcconfig */;
			buildSettings = {
				ASSETCATALOG_COMPILER_APPICON_NAME = AppIcon;
				INFOPLIST_FILE = "$(SRCROOT)/Supporting-files/Info.plist";
				LD_RUNPATH_SEARCH_PATHS = "$(inherited) @executable_path/Frameworks";
				PRODUCT_BUNDLE_IDENTIFIER = com.ealeksandrov.EARestrictedScrollView;
				PRODUCT_NAME = "EARestrictedScrollView-Example";
			};
			name = Debug;
		};
		5559322A1CC24D1300E59D5B /* Release */ = {
			isa = XCBuildConfiguration;
			baseConfigurationReference = 25B76A6E0873F8DCAAAAC629 /* Pods-EARestrictedScrollView-Example.release.xcconfig */;
			buildSettings = {
				ASSETCATALOG_COMPILER_APPICON_NAME = AppIcon;
				INFOPLIST_FILE = "$(SRCROOT)/Supporting-files/Info.plist";
				LD_RUNPATH_SEARCH_PATHS = "$(inherited) @executable_path/Frameworks";
				PRODUCT_BUNDLE_IDENTIFIER = com.ealeksandrov.EARestrictedScrollView;
				PRODUCT_NAME = "EARestrictedScrollView-Example";
			};
			name = Release;
		};
		5559322C1CC24D1300E59D5B /* Debug */ = {
			isa = XCBuildConfiguration;
			baseConfigurationReference = FF1CE292523EC9BFF4F23481 /* Pods-Tests.debug.xcconfig */;
			buildSettings = {
				BUNDLE_LOADER = "$(TEST_HOST)";
				INFOPLIST_FILE = Tests/Info.plist;
				LD_RUNPATH_SEARCH_PATHS = "$(inherited) @executable_path/Frameworks @loader_path/Frameworks";
				PRODUCT_BUNDLE_IDENTIFIER = com.ealeksandrov.EARestrictedScrollViewTests;
				PRODUCT_NAME = "$(TARGET_NAME)";
				TEST_HOST = "$(BUILT_PRODUCTS_DIR)/EARestrictedScrollView-Example.app/EARestrictedScrollView-Example";
			};
			name = Debug;
		};
		5559322D1CC24D1300E59D5B /* Release */ = {
			isa = XCBuildConfiguration;
			baseConfigurationReference = A20310D54D57CDA78EA33197 /* Pods-Tests.release.xcconfig */;
			buildSettings = {
				BUNDLE_LOADER = "$(TEST_HOST)";
				INFOPLIST_FILE = Tests/Info.plist;
				LD_RUNPATH_SEARCH_PATHS = "$(inherited) @executable_path/Frameworks @loader_path/Frameworks";
				PRODUCT_BUNDLE_IDENTIFIER = com.ealeksandrov.EARestrictedScrollViewTests;
				PRODUCT_NAME = "$(TARGET_NAME)";
				TEST_HOST = "$(BUILT_PRODUCTS_DIR)/EARestrictedScrollView-Example.app/EARestrictedScrollView-Example";
			};
			name = Release;
		};
/* End XCBuildConfiguration section */

/* Begin XCConfigurationList section */
		555932061CC24D1200E59D5B /* Build configuration list for PBXProject "EARestrictedScrollView-Example" */ = {
			isa = XCConfigurationList;
			buildConfigurations = (
				555932261CC24D1300E59D5B /* Debug */,
				555932271CC24D1300E59D5B /* Release */,
			);
			defaultConfigurationIsVisible = 0;
			defaultConfigurationName = Release;
		};
		555932281CC24D1300E59D5B /* Build configuration list for PBXNativeTarget "EARestrictedScrollView-Example" */ = {
			isa = XCConfigurationList;
			buildConfigurations = (
				555932291CC24D1300E59D5B /* Debug */,
				5559322A1CC24D1300E59D5B /* Release */,
			);
			defaultConfigurationIsVisible = 0;
			defaultConfigurationName = Release;
		};
		5559322B1CC24D1300E59D5B /* Build configuration list for PBXNativeTarget "Tests" */ = {
			isa = XCConfigurationList;
			buildConfigurations = (
				5559322C1CC24D1300E59D5B /* Debug */,
				5559322D1CC24D1300E59D5B /* Release */,
			);
			defaultConfigurationIsVisible = 0;
			defaultConfigurationName = Release;
		};
/* End XCConfigurationList section */
	};
	rootObject = 555932031CC24D1200E59D5B /* Project object */;
}
